{
  "originHash" : "0ef5980eb2eb59e21569697bf48ce8249e1c7444a08e44dd07044e806d04b8aa",
  "pins" : [
    {
      "identity" : "basetoolbox",
      "kind" : "remoteSourceControl",
      "location" : "https://github.com/lkzhao/BaseToolbox",
      "state" : {
        "revision" : "8f7dcb4d0b5e1422959cb26a8d0ce876b1081ee6",
        "version" : "0.6.1"
      }
    },
    {
      "identity" : "swiftrichstring",
      "kind" : "remoteSourceControl",
      "location" : "https://github.com/malcommac/SwiftRichString.git",
      "state" : {
        "revision" : "9bf4b5af6bb4386865636fc504d6c588c2b65040",
        "version" : "3.7.2"
      }
    }
  ],
  "version" : 3
}
